
Microsoft Visual Studio Solution File, Format Version 11.00
# Visual Studio 2010
Project("{FAE04EC0-301F-11D3-BF4B-00C04F79EFBC}") = "Hospital.Commands", "Hospital.Commands\Hospital.Commands.csproj", "{F5F597EF-9800-4795-9C79-FBB932CAED82}"
EndProject
Project("{FAE04EC0-301F-11D3-BF4B-00C04F79EFBC}") = "Hospital.Events", "Hospital.Events\Hospital.Events.csproj", "{D72372F4-81A6-4BD0-B51A-AAF183D6C993}"
EndProject
Project("{FAE04EC0-301F-11D3-BF4B-00C04F79EFBC}") = "Hospital.Domain", "Hospital.Domain\Hospital.Domain.csproj", "{62E9C666-5523-4EB5-B881-152BA79C90C5}"
EndProject
Project("{FAE04EC0-301F-11D3-BF4B-00C04F79EFBC}") = "Hospital.CommandHandlers", "Hospital.CommandHandlers\Hospital.CommandHandlers.csproj", "{A9A4BF07-0D89-4257-B472-93985A113AC3}"
EndProject
Project("{FAE04EC0-301F-11D3-BF4B-00C04F79EFBC}") = "Hospital.Web", "Hospital.Web\Hospital.Web.csproj", "{A75E8460-2875-411D-A8ED-5E5E9B9B93D5}"
EndProject
Project("{FAE04EC0-301F-11D3-BF4B-00C04F79EFBC}") = "Hospital.ReadModel.Web", "Hospital.ReadModel.Web\Hospital.ReadModel.Web.csproj", "{676D328C-423B-4579-BCB9-55D62B2DB768}"
EndProject
Project("{FAE04EC0-301F-11D3-BF4B-00C04F79EFBC}") = "Hospital.SqlHandlers", "Hospital.SqlHandlers\Hospital.SqlHandlers.csproj", "{36361D5C-40DE-44B4-9410-505AB6BFF51E}"
EndProject
Project("{FAE04EC0-301F-11D3-BF4B-00C04F79EFBC}") = "Hospital.Core", "Hospital.Core\Hospital.Core.csproj", "{AB51D4CA-78F1-4991-B49E-246918DBF3EE}"
EndProject
Project("{FAE04EC0-301F-11D3-BF4B-00C04F79EFBC}") = "Hospital.WriteModel", "Hospital.WriteModel\Hospital.WriteModel.csproj", "{57B38F99-A206-40BE-A1CE-B9EF30670ED2}"
EndProject
Project("{2150E333-8FDC-42A3-9474-1A3956D46DE8}") = ".nuget", ".nuget", "{9FEE015A-5DD8-4C01-9434-A3A082B8503A}"
	ProjectSection(SolutionItems) = preProject
		.nuget\NuGet.exe = .nuget\NuGet.exe
		.nuget\NuGet.targets = .nuget\NuGet.targets
	EndProjectSection
EndProject
Project("{2150E333-8FDC-42A3-9474-1A3956D46DE8}") = "Solution Items", "Solution Items", "{CA8511E1-B799-4741-A77A-6AD4E8C685D8}"
	ProjectSection(SolutionItems) = preProject
		setup.sql = setup.sql
	EndProjectSection
EndProject
Global
	GlobalSection(SolutionConfigurationPlatforms) = preSolution
		Debug|Any CPU = Debug|Any CPU
		Release|Any CPU = Release|Any CPU
	EndGlobalSection
	GlobalSection(ProjectConfigurationPlatforms) = postSolution
		{F5F597EF-9800-4795-9C79-FBB932CAED82}.Debug|Any CPU.ActiveCfg = Debug|Any CPU
		{F5F597EF-9800-4795-9C79-FBB932CAED82}.Debug|Any CPU.Build.0 = Debug|Any CPU
		{F5F597EF-9800-4795-9C79-FBB932CAED82}.Release|Any CPU.ActiveCfg = Release|Any CPU
		{F5F597EF-9800-4795-9C79-FBB932CAED82}.Release|Any CPU.Build.0 = Release|Any CPU
		{D72372F4-81A6-4BD0-B51A-AAF183D6C993}.Debug|Any CPU.ActiveCfg = Debug|Any CPU
		{D72372F4-81A6-4BD0-B51A-AAF183D6C993}.Debug|Any CPU.Build.0 = Debug|Any CPU
		{D72372F4-81A6-4BD0-B51A-AAF183D6C993}.Release|Any CPU.ActiveCfg = Release|Any CPU
		{D72372F4-81A6-4BD0-B51A-AAF183D6C993}.Release|Any CPU.Build.0 = Release|Any CPU
		{62E9C666-5523-4EB5-B881-152BA79C90C5}.Debug|Any CPU.ActiveCfg = Debug|Any CPU
		{62E9C666-5523-4EB5-B881-152BA79C90C5}.Debug|Any CPU.Build.0 = Debug|Any CPU
		{62E9C666-5523-4EB5-B881-152BA79C90C5}.Release|Any CPU.ActiveCfg = Release|Any CPU
		{62E9C666-5523-4EB5-B881-152BA79C90C5}.Release|Any CPU.Build.0 = Release|Any CPU
		{A9A4BF07-0D89-4257-B472-93985A113AC3}.Debug|Any CPU.ActiveCfg = Debug|Any CPU
		{A9A4BF07-0D89-4257-B472-93985A113AC3}.Debug|Any CPU.Build.0 = Debug|Any CPU
		{A9A4BF07-0D89-4257-B472-93985A113AC3}.Release|Any CPU.ActiveCfg = Release|Any CPU
		{A9A4BF07-0D89-4257-B472-93985A113AC3}.Release|Any CPU.Build.0 = Release|Any CPU
		{A75E8460-2875-411D-A8ED-5E5E9B9B93D5}.Debug|Any CPU.ActiveCfg = Debug|Any CPU
		{A75E8460-2875-411D-A8ED-5E5E9B9B93D5}.Debug|Any CPU.Build.0 = Debug|Any CPU
		{A75E8460-2875-411D-A8ED-5E5E9B9B93D5}.Release|Any CPU.ActiveCfg = Release|Any CPU
		{A75E8460-2875-411D-A8ED-5E5E9B9B93D5}.Release|Any CPU.Build.0 = Release|Any CPU
		{676D328C-423B-4579-BCB9-55D62B2DB768}.Debug|Any CPU.ActiveCfg = Debug|Any CPU
		{676D328C-423B-4579-BCB9-55D62B2DB768}.Debug|Any CPU.Build.0 = Debug|Any CPU
		{676D328C-423B-4579-BCB9-55D62B2DB768}.Release|Any CPU.ActiveCfg = Release|Any CPU
		{676D328C-423B-4579-BCB9-55D62B2DB768}.Release|Any CPU.Build.0 = Release|Any CPU
		{36361D5C-40DE-44B4-9410-505AB6BFF51E}.Debug|Any CPU.ActiveCfg = Debug|Any CPU
		{36361D5C-40DE-44B4-9410-505AB6BFF51E}.Debug|Any CPU.Build.0 = Debug|Any CPU
		{36361D5C-40DE-44B4-9410-505AB6BFF51E}.Release|Any CPU.ActiveCfg = Release|Any CPU
		{36361D5C-40DE-44B4-9410-505AB6BFF51E}.Release|Any CPU.Build.0 = Release|Any CPU
		{AB51D4CA-78F1-4991-B49E-246918DBF3EE}.Debug|Any CPU.ActiveCfg = Debug|Any CPU
		{AB51D4CA-78F1-4991-B49E-246918DBF3EE}.Debug|Any CPU.Build.0 = Debug|Any CPU
		{AB51D4CA-78F1-4991-B49E-246918DBF3EE}.Release|Any CPU.ActiveCfg = Release|Any CPU
		{AB51D4CA-78F1-4991-B49E-246918DBF3EE}.Release|Any CPU.Build.0 = Release|Any CPU
		{57B38F99-A206-40BE-A1CE-B9EF30670ED2}.Debug|Any CPU.ActiveCfg = Debug|Any CPU
		{57B38F99-A206-40BE-A1CE-B9EF30670ED2}.Debug|Any CPU.Build.0 = Debug|Any CPU
		{57B38F99-A206-40BE-A1CE-B9EF30670ED2}.Release|Any CPU.ActiveCfg = Release|Any CPU
		{57B38F99-A206-40BE-A1CE-B9EF30670ED2}.Release|Any CPU.Build.0 = Release|Any CPU
	EndGlobalSection
	GlobalSection(SolutionProperties) = preSolution
		HideSolutionNode = FALSE
	EndGlobalSection
EndGlobal
